{
  "requires": true,
  "lockfileVersion": 1,
  "dependencies": {
    "@ionic-native/http": {
      "version": "5.36.0",
      "resolved": "https://registry.npmjs.org/@ionic-native/http/-/http-5.36.0.tgz",
      "integrity": "sha512-3t7UhcqNxZuIX+HXuydlaDfA9AwDXiRFGs9GsHpJnXMTfbeKUcwzp0amqblrLslDA9tNfqSmJyFZFaMX6CRrog==",
      "requires": {
        "@types/cordova": "11.0.0"
      }
    },
    "@types/cordova": {
      "version": "11.0.0",
      "resolved": "https://registry.npmjs.org/@types/cordova/-/cordova-11.0.0.tgz",
      "integrity": "sha512-AtBm1IAqqXsXszJe6XxuA2iXLhraNCj25p/FHRyikPeW0Z3YfgM6qzWb+VJglJTmZc5lqRNy84cYM/sQI5v6Vw=="
    }
  }
}
