
Microsoft Visual Studio Solution File, Format Version 12.00
# Visual Studio Version 16
VisualStudioVersion = 16.0.29418.71
MinimumVisualStudioVersion = 10.0.40219.1
Project("{FAE04EC0-301F-11D3-BF4B-00C04F79EFBC}") = "LibraryGames", "LibraryGames\LibraryGames.csproj", "{28E12B94-D485-4F08-98E8-4BE1D3D74059}"
EndProject
Global
	GlobalSection(SolutionConfigurationPlatforms) = preSolution
		Debug|Any CPU = Debug|Any CPU
		Release|Any CPU = Release|Any CPU
	EndGlobalSection
	GlobalSection(ProjectConfigurationPlatforms) = postSolution
		{28E12B94-D485-4F08-98E8-4BE1D3D74059}.Debug|Any CPU.ActiveCfg = Debug|Any CPU
		{28E12B94-D485-4F08-98E8-4BE1D3D74059}.Debug|Any CPU.Build.0 = Debug|Any CPU
		{28E12B94-D485-4F08-98E8-4BE1D3D74059}.Release|Any CPU.ActiveCfg = Release|Any CPU
		{28E12B94-D485-4F08-98E8-4BE1D3D74059}.Release|Any CPU.Build.0 = Release|Any CPU
	EndGlobalSection
	GlobalSection(SolutionProperties) = preSolution
		HideSolutionNode = FALSE
	EndGlobalSection
	GlobalSection(ExtensibilityGlobals) = postSolution
		SolutionGuid = {D72B752A-04F6-4013-B203-43445B3AE9C0}
	EndGlobalSection
EndGlobal
