{
  "name": "Kanban",
  "lockfileVersion": 3,
  "requires": true,
  "packages": {
    "": {
      "dependencies": {
        "@prisma/client": "^5.13.0"
      },
      "devDependencies": {
        "prisma": "^5.13.0",
        "studio": "^0.13.5"
      }
    },
    "node_modules/@prisma/client": {
      "version": "5.13.0",
      "resolved": "https://registry.npmjs.org/@prisma/client/-/client-5.13.0.tgz",
      "integrity": "sha512-uYdfpPncbZ/syJyiYBwGZS8Gt1PTNoErNYMuqHDa2r30rNSFtgTA/LXsSk55R7pdRTMi5pHkeP9B14K6nHmwkg==",
      "hasInstallScript": true,
      "engines": {
        "node": ">=16.13"
      },
      "peerDependencies": {
        "prisma": "*"
      },
      "peerDependenciesMeta": {
        "prisma": {
          "optional": true
        }
      }
    },
    "node_modules/@prisma/debug": {
      "version": "5.13.0",
      "resolved": "https://registry.npmjs.org/@prisma/debug/-/debug-5.13.0.tgz",
      "integrity": "sha512-699iqlEvzyCj9ETrXhs8o8wQc/eVW+FigSsHpiskSFydhjVuwTJEfj/nIYqTaWFYuxiWQRfm3r01meuW97SZaQ==",
      "devOptional": true
    },
    "node_modules/@prisma/engines": {
      "version": "5.13.0",
      "resolved": "https://registry.npmjs.org/@prisma/engines/-/engines-5.13.0.tgz",
      "integrity": "sha512-hIFLm4H1boj6CBZx55P4xKby9jgDTeDG0Jj3iXtwaaHmlD5JmiDkZhh8+DYWkTGchu+rRF36AVROLnk0oaqhHw==",
      "devOptional": true,
      "hasInstallScript": true,
      "dependencies": {
        "@prisma/debug": "5.13.0",
        "@prisma/engines-version": "5.13.0-23.b9a39a7ee606c28e3455d0fd60e78c3ba82b1a2b",
        "@prisma/fetch-engine": "5.13.0",
        "@prisma/get-platform": "5.13.0"
      }
    },
    "node_modules/@prisma/engines-version": {
      "version": "5.13.0-23.b9a39a7ee606c28e3455d0fd60e78c3ba82b1a2b",
      "resolved": "https://registry.npmjs.org/@prisma/engines-version/-/engines-version-5.13.0-23.b9a39a7ee606c28e3455d0fd60e78c3ba82b1a2b.tgz",
      "integrity": "sha512-AyUuhahTINGn8auyqYdmxsN+qn0mw3eg+uhkp8zwknXYIqoT3bChG4RqNY/nfDkPvzWAPBa9mrDyBeOnWSgO6A==",
      "devOptional": true
    },
    "node_modules/@prisma/fetch-engine": {
      "version": "5.13.0",
      "resolved": "https://registry.npmjs.org/@prisma/fetch-engine/-/fetch-engine-5.13.0.tgz",
      "integrity": "sha512-Yh4W+t6YKyqgcSEB3odBXt7QyVSm0OQlBSldQF2SNXtmOgMX8D7PF/fvH6E6qBCpjB/yeJLy/FfwfFijoHI6sA==",
      "devOptional": true,
      "dependencies": {
        "@prisma/debug": "5.13.0",
        "@prisma/engines-version": "5.13.0-23.b9a39a7ee606c28e3455d0fd60e78c3ba82b1a2b",
        "@prisma/get-platform": "5.13.0"
      }
    },
    "node_modules/@prisma/get-platform": {
      "version": "5.13.0",
      "resolved": "https://registry.npmjs.org/@prisma/get-platform/-/get-platform-5.13.0.tgz",
      "integrity": "sha512-B/WrQwYTzwr7qCLifQzYOmQhZcFmIFhR81xC45gweInSUn2hTEbfKUPd2keAog+y5WI5xLAFNJ3wkXplvSVkSw==",
      "devOptional": true,
      "dependencies": {
        "@prisma/debug": "5.13.0"
      }
    },
    "node_modules/bluebird": {
      "version": "3.7.2",
      "resolved": "https://registry.npmjs.org/bluebird/-/bluebird-3.7.2.tgz",
      "integrity": "sha512-XpNj6GDQzdfW+r2Wnn7xiSAd7TM3jzkxGXBGTtWKuSXv1xUV+azxAm8jdWZN06QTQk+2N2XB9jRDkvbmQmcRtg==",
      "dev": true
    },
    "node_modules/debug": {
      "version": "2.6.9",
      "resolved": "https://registry.npmjs.org/debug/-/debug-2.6.9.tgz",
      "integrity": "sha512-bC7ElrdJaJnPbAP+1EotYvqZsb3ecl5wi6Bfi6BJTUcNowp6cvspg0jXznRTKDjm/E7AdgFBVeAPVMNcKGsHMA==",
      "dev": true,
      "dependencies": {
        "ms": "2.0.0"
      }
    },
    "node_modules/harmony-proxy": {
      "version": "1.0.1",
      "resolved": "https://registry.npmjs.org/harmony-proxy/-/harmony-proxy-1.0.1.tgz",
      "integrity": "sha512-Fb9dzGn1Fx7BAYqSGg0SPscTB+CBL2YJJfTzdGM0x2zXFP6CaUnEiyjoAw8i+Qsmw9N0TknUJ+stII2pFpXL0g==",
      "dev": true
    },
    "node_modules/ms": {
      "version": "2.0.0",
      "resolved": "https://registry.npmjs.org/ms/-/ms-2.0.0.tgz",
      "integrity": "sha512-Tpp60P6IUJDTuOq/5Z8cdskzJujfwqfOTkrwIwj7IRISpnkJnT6SyJ4PCPnGMoFjC9ddhal5KVIYtAt97ix05A==",
      "dev": true
    },
    "node_modules/prisma": {
      "version": "5.13.0",
      "resolved": "https://registry.npmjs.org/prisma/-/prisma-5.13.0.tgz",
      "integrity": "sha512-kGtcJaElNRAdAGsCNykFSZ7dBKpL14Cbs+VaQ8cECxQlRPDjBlMHNFYeYt0SKovAVy2Y65JXQwB3A5+zIQwnTg==",
      "devOptional": true,
      "hasInstallScript": true,
      "dependencies": {
        "@prisma/engines": "5.13.0"
      },
      "bin": {
        "prisma": "build/index.js"
      },
      "engines": {
        "node": ">=16.13"
      }
    },
    "node_modules/studio": {
      "version": "0.13.5",
      "resolved": "https://registry.npmjs.org/studio/-/studio-0.13.5.tgz",
      "integrity": "sha512-00XlL97dUYaWk7FU+RQ7Pqvd83mWsuTc7cJVY4UYP8znIDTz2cBZ7dIeavWN7bBgMBUevKi9qc85dZlg8gmhFQ==",
      "dev": true,
      "dependencies": {
        "bluebird": "^3.2.2",
        "debug": "^2.6.3",
        "harmony-proxy": "^1.0.0"
      }
    }
  }
}
